
Microsoft Visual Studio Solution File, Format Version 10.00
# Visual Studio 2008
Project("{8BC9CEB8-8B4A-11D0-8D11-00A0C91BC942}") = "HelloWorld", "HelloWorld\HelloWorld.vcproj", "{49DB643F-3F1F-42D7-B7E7-711CEF56718E}"
	ProjectSection(ProjectDependencies) = postProject
		{5AE704FB-10E7-4D59-95B8-A1F7F4A667B8} = {5AE704FB-10E7-4D59-95B8-A1F7F4A667B8}
	EndProjectSection
EndProject
Project("{8BC9CEB8-8B4A-11D0-8D11-00A0C91BC942}") = "spank3d", "..\spank3d.vcproj", "{5AE704FB-10E7-4D59-95B8-A1F7F4A667B8}"
	ProjectSection(ProjectDependencies) = postProject
		{FF5B6302-6F61-455F-B702-D307D601EC2F} = {FF5B6302-6F61-455F-B702-D307D601EC2F}
		{637974A9-B6B6-4DEA-8EE6-D88A61E4B9B4} = {637974A9-B6B6-4DEA-8EE6-D88A61E4B9B4}
	EndProjectSection
EndProject
Project("{8BC9CEB8-8B4A-11D0-8D11-00A0C91BC942}") = "libtinyxml", "..\vendor\tinyxml-2.6.2\libtinyxml.vcproj", "{FF5B6302-6F61-455F-B702-D307D601EC2F}"
EndProject
Project("{8BC9CEB8-8B4A-11D0-8D11-00A0C91BC942}") = "libpng1.5.12", "..\vendor\libpng1.5.12\libpng1.5.12.vcproj", "{637974A9-B6B6-4DEA-8EE6-D88A61E4B9B4}"
	ProjectSection(ProjectDependencies) = postProject
		{119338BD-EC67-459E-82AF-F414B5A59D20} = {119338BD-EC67-459E-82AF-F414B5A59D20}
	EndProjectSection
EndProject
Project("{8BC9CEB8-8B4A-11D0-8D11-00A0C91BC942}") = "zlib1.2.7", "..\vendor\zlib1.2.7\zlib1.2.7.vcproj", "{119338BD-EC67-459E-82AF-F414B5A59D20}"
EndProject
Project("{8BC9CEB8-8B4A-11D0-8D11-00A0C91BC942}") = "Ui", "Ui\Ui.vcproj", "{4C1FFF7F-17BC-4A3B-8525-F6EEFFEED32D}"
	ProjectSection(ProjectDependencies) = postProject
		{5AE704FB-10E7-4D59-95B8-A1F7F4A667B8} = {5AE704FB-10E7-4D59-95B8-A1F7F4A667B8}
	EndProjectSection
EndProject
Project("{8BC9CEB8-8B4A-11D0-8D11-00A0C91BC942}") = "Brick", "Brick\Brick.vcproj", "{DC0E3152-A04C-4A24-BBA4-43DA8ACCB856}"
	ProjectSection(ProjectDependencies) = postProject
		{5AE704FB-10E7-4D59-95B8-A1F7F4A667B8} = {5AE704FB-10E7-4D59-95B8-A1F7F4A667B8}
	EndProjectSection
EndProject
Project("{8BC9CEB8-8B4A-11D0-8D11-00A0C91BC942}") = "Mandelbrot", "Mandelbrot\Mandelbrot.vcproj", "{3403F624-620B-4AB5-81C3-15D7492C4114}"
	ProjectSection(ProjectDependencies) = postProject
		{5AE704FB-10E7-4D59-95B8-A1F7F4A667B8} = {5AE704FB-10E7-4D59-95B8-A1F7F4A667B8}
	EndProjectSection
EndProject
Project("{8BC9CEB8-8B4A-11D0-8D11-00A0C91BC942}") = "CubeMap", "CubeMap\CubeMap.vcproj", "{3695B020-BFCD-490E-9739-8E88A44A3A30}"
	ProjectSection(ProjectDependencies) = postProject
		{5AE704FB-10E7-4D59-95B8-A1F7F4A667B8} = {5AE704FB-10E7-4D59-95B8-A1F7F4A667B8}
	EndProjectSection
EndProject
Project("{8BC9CEB8-8B4A-11D0-8D11-00A0C91BC942}") = "RenderTarget", "RenderTarget\RenderTarget.vcproj", "{40D8657E-0236-4875-97A4-982EE663CAEB}"
	ProjectSection(ProjectDependencies) = postProject
		{5AE704FB-10E7-4D59-95B8-A1F7F4A667B8} = {5AE704FB-10E7-4D59-95B8-A1F7F4A667B8}
	EndProjectSection
EndProject
Project("{8BC9CEB8-8B4A-11D0-8D11-00A0C91BC942}") = "ShadowMap", "ShadowMap\ShadowMap.vcproj", "{382D26A2-6040-48C5-8C0D-C9B69781D626}"
	ProjectSection(ProjectDependencies) = postProject
		{5AE704FB-10E7-4D59-95B8-A1F7F4A667B8} = {5AE704FB-10E7-4D59-95B8-A1F7F4A667B8}
	EndProjectSection
EndProject
Project("{8BC9CEB8-8B4A-11D0-8D11-00A0C91BC942}") = "BasicShader", "BasicShader\BasicShader.vcproj", "{96DE26A0-4539-4EB2-B609-CF7D7BEC639F}"
	ProjectSection(ProjectDependencies) = postProject
		{5AE704FB-10E7-4D59-95B8-A1F7F4A667B8} = {5AE704FB-10E7-4D59-95B8-A1F7F4A667B8}
	EndProjectSection
EndProject
Global
	GlobalSection(SolutionConfigurationPlatforms) = preSolution
		Debug|Win32 = Debug|Win32
		Release|Win32 = Release|Win32
	EndGlobalSection
	GlobalSection(ProjectConfigurationPlatforms) = postSolution
		{49DB643F-3F1F-42D7-B7E7-711CEF56718E}.Debug|Win32.ActiveCfg = Debug|Win32
		{49DB643F-3F1F-42D7-B7E7-711CEF56718E}.Debug|Win32.Build.0 = Debug|Win32
		{49DB643F-3F1F-42D7-B7E7-711CEF56718E}.Release|Win32.ActiveCfg = Release|Win32
		{49DB643F-3F1F-42D7-B7E7-711CEF56718E}.Release|Win32.Build.0 = Release|Win32
		{5AE704FB-10E7-4D59-95B8-A1F7F4A667B8}.Debug|Win32.ActiveCfg = Debug|Win32
		{5AE704FB-10E7-4D59-95B8-A1F7F4A667B8}.Debug|Win32.Build.0 = Debug|Win32
		{5AE704FB-10E7-4D59-95B8-A1F7F4A667B8}.Release|Win32.ActiveCfg = Release|Win32
		{5AE704FB-10E7-4D59-95B8-A1F7F4A667B8}.Release|Win32.Build.0 = Release|Win32
		{FF5B6302-6F61-455F-B702-D307D601EC2F}.Debug|Win32.ActiveCfg = Debug|Win32
		{FF5B6302-6F61-455F-B702-D307D601EC2F}.Debug|Win32.Build.0 = Debug|Win32
		{FF5B6302-6F61-455F-B702-D307D601EC2F}.Release|Win32.ActiveCfg = Release|Win32
		{FF5B6302-6F61-455F-B702-D307D601EC2F}.Release|Win32.Build.0 = Release|Win32
		{637974A9-B6B6-4DEA-8EE6-D88A61E4B9B4}.Debug|Win32.ActiveCfg = Debug|Win32
		{637974A9-B6B6-4DEA-8EE6-D88A61E4B9B4}.Debug|Win32.Build.0 = Debug|Win32
		{637974A9-B6B6-4DEA-8EE6-D88A61E4B9B4}.Release|Win32.ActiveCfg = Release|Win32
		{637974A9-B6B6-4DEA-8EE6-D88A61E4B9B4}.Release|Win32.Build.0 = Release|Win32
		{119338BD-EC67-459E-82AF-F414B5A59D20}.Debug|Win32.ActiveCfg = Debug|Win32
		{119338BD-EC67-459E-82AF-F414B5A59D20}.Debug|Win32.Build.0 = Debug|Win32
		{119338BD-EC67-459E-82AF-F414B5A59D20}.Release|Win32.ActiveCfg = Release|Win32
		{119338BD-EC67-459E-82AF-F414B5A59D20}.Release|Win32.Build.0 = Release|Win32
		{4C1FFF7F-17BC-4A3B-8525-F6EEFFEED32D}.Debug|Win32.ActiveCfg = Debug|Win32
		{4C1FFF7F-17BC-4A3B-8525-F6EEFFEED32D}.Debug|Win32.Build.0 = Debug|Win32
		{4C1FFF7F-17BC-4A3B-8525-F6EEFFEED32D}.Release|Win32.ActiveCfg = Release|Win32
		{4C1FFF7F-17BC-4A3B-8525-F6EEFFEED32D}.Release|Win32.Build.0 = Release|Win32
		{DC0E3152-A04C-4A24-BBA4-43DA8ACCB856}.Debug|Win32.ActiveCfg = Debug|Win32
		{DC0E3152-A04C-4A24-BBA4-43DA8ACCB856}.Debug|Win32.Build.0 = Debug|Win32
		{DC0E3152-A04C-4A24-BBA4-43DA8ACCB856}.Release|Win32.ActiveCfg = Release|Win32
		{DC0E3152-A04C-4A24-BBA4-43DA8ACCB856}.Release|Win32.Build.0 = Release|Win32
		{3403F624-620B-4AB5-81C3-15D7492C4114}.Debug|Win32.ActiveCfg = Debug|Win32
		{3403F624-620B-4AB5-81C3-15D7492C4114}.Debug|Win32.Build.0 = Debug|Win32
		{3403F624-620B-4AB5-81C3-15D7492C4114}.Release|Win32.ActiveCfg = Release|Win32
		{3403F624-620B-4AB5-81C3-15D7492C4114}.Release|Win32.Build.0 = Release|Win32
		{3695B020-BFCD-490E-9739-8E88A44A3A30}.Debug|Win32.ActiveCfg = Debug|Win32
		{3695B020-BFCD-490E-9739-8E88A44A3A30}.Debug|Win32.Build.0 = Debug|Win32
		{3695B020-BFCD-490E-9739-8E88A44A3A30}.Release|Win32.ActiveCfg = Release|Win32
		{3695B020-BFCD-490E-9739-8E88A44A3A30}.Release|Win32.Build.0 = Release|Win32
		{40D8657E-0236-4875-97A4-982EE663CAEB}.Debug|Win32.ActiveCfg = Debug|Win32
		{40D8657E-0236-4875-97A4-982EE663CAEB}.Debug|Win32.Build.0 = Debug|Win32
		{40D8657E-0236-4875-97A4-982EE663CAEB}.Release|Win32.ActiveCfg = Release|Win32
		{40D8657E-0236-4875-97A4-982EE663CAEB}.Release|Win32.Build.0 = Release|Win32
		{382D26A2-6040-48C5-8C0D-C9B69781D626}.Debug|Win32.ActiveCfg = Debug|Win32
		{382D26A2-6040-48C5-8C0D-C9B69781D626}.Debug|Win32.Build.0 = Debug|Win32
		{382D26A2-6040-48C5-8C0D-C9B69781D626}.Release|Win32.ActiveCfg = Release|Win32
		{382D26A2-6040-48C5-8C0D-C9B69781D626}.Release|Win32.Build.0 = Release|Win32
		{96DE26A0-4539-4EB2-B609-CF7D7BEC639F}.Debug|Win32.ActiveCfg = Debug|Win32
		{96DE26A0-4539-4EB2-B609-CF7D7BEC639F}.Debug|Win32.Build.0 = Debug|Win32
		{96DE26A0-4539-4EB2-B609-CF7D7BEC639F}.Release|Win32.ActiveCfg = Release|Win32
		{96DE26A0-4539-4EB2-B609-CF7D7BEC639F}.Release|Win32.Build.0 = Release|Win32
	EndGlobalSection
	GlobalSection(SolutionProperties) = preSolution
		HideSolutionNode = FALSE
	EndGlobalSection
EndGlobal
