
Microsoft Visual Studio Solution File, Format Version 10.00
# Visual Studio 2008
Project("{8BC9CEB8-8B4A-11D0-8D11-00A0C91BC942}") = "HelloWorld", "HelloWorld\HelloWorld.vcproj", "{49DB643F-3F1F-42D7-B7E7-711CEF56718E}"
	ProjectSection(ProjectDependencies) = postProject
		{5AE704FB-10E7-4D59-95B8-A1F7F4A667B8} = {5AE704FB-10E7-4D59-95B8-A1F7F4A667B8}
	EndProjectSection
EndProject
Project("{8BC9CEB8-8B4A-11D0-8D11-00A0C91BC942}") = "spank3d", "..\spank3d.vcproj", "{5AE704FB-10E7-4D59-95B8-A1F7F4A667B8}"
	ProjectSection(ProjectDependencies) = postProject
		{FF5B6302-6F61-455F-B702-D307D601EC2F} = {FF5B6302-6F61-455F-B702-D307D601EC2F}
	EndProjectSection
EndProject
Project("{8BC9CEB8-8B4A-11D0-8D11-00A0C91BC942}") = "libtinyxml", "..\vendor\tinyxml-2.6.2\libtinyxml.vcproj", "{FF5B6302-6F61-455F-B702-D307D601EC2F}"
EndProject
Global
	GlobalSection(SolutionConfigurationPlatforms) = preSolution
		Debug|Win32 = Debug|Win32
		Release|Win32 = Release|Win32
	EndGlobalSection
	GlobalSection(ProjectConfigurationPlatforms) = postSolution
		{49DB643F-3F1F-42D7-B7E7-711CEF56718E}.Debug|Win32.ActiveCfg = Debug|Win32
		{49DB643F-3F1F-42D7-B7E7-711CEF56718E}.Debug|Win32.Build.0 = Debug|Win32
		{49DB643F-3F1F-42D7-B7E7-711CEF56718E}.Release|Win32.ActiveCfg = Release|Win32
		{49DB643F-3F1F-42D7-B7E7-711CEF56718E}.Release|Win32.Build.0 = Release|Win32
		{5AE704FB-10E7-4D59-95B8-A1F7F4A667B8}.Debug|Win32.ActiveCfg = Debug|Win32
		{5AE704FB-10E7-4D59-95B8-A1F7F4A667B8}.Debug|Win32.Build.0 = Debug|Win32
		{5AE704FB-10E7-4D59-95B8-A1F7F4A667B8}.Release|Win32.ActiveCfg = Release|Win32
		{5AE704FB-10E7-4D59-95B8-A1F7F4A667B8}.Release|Win32.Build.0 = Release|Win32
		{FF5B6302-6F61-455F-B702-D307D601EC2F}.Debug|Win32.ActiveCfg = Debug|Win32
		{FF5B6302-6F61-455F-B702-D307D601EC2F}.Debug|Win32.Build.0 = Debug|Win32
		{FF5B6302-6F61-455F-B702-D307D601EC2F}.Release|Win32.ActiveCfg = Release|Win32
		{FF5B6302-6F61-455F-B702-D307D601EC2F}.Release|Win32.Build.0 = Release|Win32
	EndGlobalSection
	GlobalSection(SolutionProperties) = preSolution
		HideSolutionNode = FALSE
	EndGlobalSection
EndGlobal
