
Microsoft Visual Studio Solution File, Format Version 10.00
# Visual Studio 2008
Project("{8BC9CEB8-8B4A-11D0-8D11-00A0C91BC942}") = "ModelExporter", "ModelExporter\ModelExporter.vcproj", "{4040C4DF-A95D-46E1-8992-604AD61C1783}"
	ProjectSection(ProjectDependencies) = postProject
		{FF5B6302-6F61-455F-B702-D307D601EC2F} = {FF5B6302-6F61-455F-B702-D307D601EC2F}
	EndProjectSection
EndProject
Project("{8BC9CEB8-8B4A-11D0-8D11-00A0C91BC942}") = "libtinyxml", "..\vendor\tinyxml-2.6.2\libtinyxml.vcproj", "{FF5B6302-6F61-455F-B702-D307D601EC2F}"
EndProject
Project("{8BC9CEB8-8B4A-11D0-8D11-00A0C91BC942}") = "UiImagePacker", "UiImagePacker\UiImagePacker.vcproj", "{93BB0F52-9F03-4906-B764-95E6DDA6120C}"
EndProject
Project("{8BC9CEB8-8B4A-11D0-8D11-00A0C91BC942}") = "UiDesigner", "UiDesigner\UiDesigner.vcproj", "{16449F0E-42E7-4E81-B225-0CAEDB861DC3}"
EndProject
Global
	GlobalSection(SolutionConfigurationPlatforms) = preSolution
		Debug|Win32 = Debug|Win32
		Release|Win32 = Release|Win32
	EndGlobalSection
	GlobalSection(ProjectConfigurationPlatforms) = postSolution
		{4040C4DF-A95D-46E1-8992-604AD61C1783}.Debug|Win32.ActiveCfg = Debug|Win32
		{4040C4DF-A95D-46E1-8992-604AD61C1783}.Debug|Win32.Build.0 = Debug|Win32
		{4040C4DF-A95D-46E1-8992-604AD61C1783}.Release|Win32.ActiveCfg = Release|Win32
		{4040C4DF-A95D-46E1-8992-604AD61C1783}.Release|Win32.Build.0 = Release|Win32
		{FF5B6302-6F61-455F-B702-D307D601EC2F}.Debug|Win32.ActiveCfg = Debug|Win32
		{FF5B6302-6F61-455F-B702-D307D601EC2F}.Debug|Win32.Build.0 = Debug|Win32
		{FF5B6302-6F61-455F-B702-D307D601EC2F}.Release|Win32.ActiveCfg = Release|Win32
		{FF5B6302-6F61-455F-B702-D307D601EC2F}.Release|Win32.Build.0 = Release|Win32
		{93BB0F52-9F03-4906-B764-95E6DDA6120C}.Debug|Win32.ActiveCfg = Debug|Win32
		{93BB0F52-9F03-4906-B764-95E6DDA6120C}.Debug|Win32.Build.0 = Debug|Win32
		{93BB0F52-9F03-4906-B764-95E6DDA6120C}.Release|Win32.ActiveCfg = Release|Win32
		{93BB0F52-9F03-4906-B764-95E6DDA6120C}.Release|Win32.Build.0 = Release|Win32
		{16449F0E-42E7-4E81-B225-0CAEDB861DC3}.Debug|Win32.ActiveCfg = Debug|Win32
		{16449F0E-42E7-4E81-B225-0CAEDB861DC3}.Debug|Win32.Build.0 = Debug|Win32
		{16449F0E-42E7-4E81-B225-0CAEDB861DC3}.Release|Win32.ActiveCfg = Release|Win32
		{16449F0E-42E7-4E81-B225-0CAEDB861DC3}.Release|Win32.Build.0 = Release|Win32
	EndGlobalSection
	GlobalSection(SolutionProperties) = preSolution
		HideSolutionNode = FALSE
	EndGlobalSection
EndGlobal
